
Microsoft Visual Studio Solution File, Format Version 12.00
# Visual Studio 15
VisualStudioVersion = 15.0.27703.2018
MinimumVisualStudioVersion = 10.0.40219.1
Project("{FAE04EC0-301F-11D3-BF4B-00C04F79EFBC}") = "UI", "UI\UI.csproj", "{DF247C3A-46EA-4626-8FFA-7BF988096A07}"
EndProject
Project("{FAE04EC0-301F-11D3-BF4B-00C04F79EFBC}") = "AccessDataLayer", "AccessDataLayer\AccessDataLayer.csproj", "{2E311578-96A6-480B-8433-CE793730E006}"
EndProject
Project("{FAE04EC0-301F-11D3-BF4B-00C04F79EFBC}") = "BusinessLogicLayer", "BusinessLogicLayer\BusinessLogicLayer.csproj", "{38A8546D-C0BB-43D7-8BD0-1FD217E11F38}"
EndProject
Project("{FAE04EC0-301F-11D3-BF4B-00C04F79EFBC}") = "Entities", "Entities\Entities.csproj", "{785862F2-524A-47A3-98BF-06D573ABE4D8}"
EndProject
Global
	GlobalSection(SolutionConfigurationPlatforms) = preSolution
		Debug|Any CPU = Debug|Any CPU
		Release|Any CPU = Release|Any CPU
	EndGlobalSection
	GlobalSection(ProjectConfigurationPlatforms) = postSolution
		{DF247C3A-46EA-4626-8FFA-7BF988096A07}.Debug|Any CPU.ActiveCfg = Debug|Any CPU
		{DF247C3A-46EA-4626-8FFA-7BF988096A07}.Debug|Any CPU.Build.0 = Debug|Any CPU
		{DF247C3A-46EA-4626-8FFA-7BF988096A07}.Release|Any CPU.ActiveCfg = Release|Any CPU
		{DF247C3A-46EA-4626-8FFA-7BF988096A07}.Release|Any CPU.Build.0 = Release|Any CPU
		{2E311578-96A6-480B-8433-CE793730E006}.Debug|Any CPU.ActiveCfg = Debug|Any CPU
		{2E311578-96A6-480B-8433-CE793730E006}.Debug|Any CPU.Build.0 = Debug|Any CPU
		{2E311578-96A6-480B-8433-CE793730E006}.Release|Any CPU.ActiveCfg = Release|Any CPU
		{2E311578-96A6-480B-8433-CE793730E006}.Release|Any CPU.Build.0 = Release|Any CPU
		{38A8546D-C0BB-43D7-8BD0-1FD217E11F38}.Debug|Any CPU.ActiveCfg = Debug|Any CPU
		{38A8546D-C0BB-43D7-8BD0-1FD217E11F38}.Debug|Any CPU.Build.0 = Debug|Any CPU
		{38A8546D-C0BB-43D7-8BD0-1FD217E11F38}.Release|Any CPU.ActiveCfg = Release|Any CPU
		{38A8546D-C0BB-43D7-8BD0-1FD217E11F38}.Release|Any CPU.Build.0 = Release|Any CPU
		{785862F2-524A-47A3-98BF-06D573ABE4D8}.Debug|Any CPU.ActiveCfg = Debug|Any CPU
		{785862F2-524A-47A3-98BF-06D573ABE4D8}.Debug|Any CPU.Build.0 = Debug|Any CPU
		{785862F2-524A-47A3-98BF-06D573ABE4D8}.Release|Any CPU.ActiveCfg = Release|Any CPU
		{785862F2-524A-47A3-98BF-06D573ABE4D8}.Release|Any CPU.Build.0 = Release|Any CPU
	EndGlobalSection
	GlobalSection(SolutionProperties) = preSolution
		HideSolutionNode = FALSE
	EndGlobalSection
	GlobalSection(ExtensibilityGlobals) = postSolution
		SolutionGuid = {CC4D1F5A-5351-40F3-9355-F84CB1D397DF}
	EndGlobalSection
EndGlobal
